github.com/asaskevich/govalidator v0.0.0-20180315120708-ccb8e960c48f h1:y2hSFdXeA1y5z5f0vfNO0Dg5qVY036qzlz3Pds0B92o=
github.com/asaskevich/govalidator v0.0.0-20180315120708-ccb8e960c48f/go.mod h1:lB+ZfQJz7igIIfQNfa7Ml4HSf2uFQQRzpGGRXenZAgY=
github.com/beorn7/perks v0.0.0-20180321164747-3a771d992973 h1:xJ4a3vCFaGF/jqvzLMYoU8P317H5OQ+Via4RmuPwCS0=
github.com/beorn7/perks v0.0.0-20180321164747-3a771d992973/go.mod h1:Dwedo/Wpr24TaqPxmxbtue+5NUziq4I4S80YR8gNf3Q=
github.com/golang/protobuf v1.0.0 h1:lsek0oXi8iFE9L+EXARyHIjU5rlWIhhTkjDz3vHhWWQ=
github.com/golang/protobuf v1.0.0/go.mod h1:6lQm79b+lXiMfvg/cZm0SGofjICqVBUtrP5yJMmIC1U=
github.com/matttproud/golang_protobuf_extensions v1.0.0 h1:YNOwxxSJzSUARoD9KRZLzM9Y858MNGCOACTvCW9TSAc=
github.com/matttproud/golang_protobuf_extensions v1.0.0/go.mod h1:D8He9yQNgCq6Z5Ld7szi9bcBfOoFv/3dc6xSMkL2PC0=
github.com/mreiferson/go-httpclient v0.0.0-20160630210159-31f0106b4474 h1:oKIteTqeSpenyTrOVj5zkiyCaflLa8B+CD0324otT+o=
github.com/mreiferson/go-httpclient v0.0.0-20160630210159-31f0106b4474/go.mod h1:OQA4XLvDbMgS8P0CevmM4m9Q3Jq4phKUzcocxuGJ5m8=
github.com/op/go-logging v0.0.0-20160211212156-b2cb9fa56473 h1:J1QZwDXgZ4dJD2s19iqR9+U00OWM2kDzbf1O/fmvCWg=
github.com/op/go-logging v0.0.0-20160211212156-b2cb9fa56473/go.mod h1:HzydrMdWErDVzsI23lYNej1Htcns9BCg93Dk0bBINWk=
github.com/prometheus/client_golang v0.8.0 h1:1921Yw9Gc3iSc4VQh3PIoOqgPCZS7G/4xQNVUp8Mda8=
github.com/prometheus/client_golang v0.8.0/go.mod h1:7SWBe2y4D6OKWSNQJUaRYU/AaXPKyh/dDVn+NZz0KFw=
github.com/prometheus/client_model v0.0.0-20171117100541-99fa1f4be8e5 h1:cLL6NowurKLMfCeQy4tIeph12XNQWgANCNvdyrOYKV4=
github.com/prometheus/client_model v0.0.0-20171117100541-99fa1f4be8e5/go.mod h1:MbSGuTsp3dbXC40dX6PRTWyKYBIrTGTE9sqQNg2J8bo=
github.com/prometheus/common v0.0.0-20180326160409-38c53a9f4bfc h1:tyg3EcZAmwCUe90Jzl4Qw6Af+ajuW8S9b1VFitMNOQs=
github.com/prometheus/common v0.0.0-20180326160409-38c53a9f4bfc/go.mod h1:daVV7qP5qjZbuso7PdcryaAu0sAZbrN9i7WWcTMWvro=
github.com/prometheus/procfs v0.0.0-20180321230812-780932d4fbbe h1:sxvCVczjZN4FlMiGWE+dxMlgtDR05ZzPhajnOxW6TZE=
github.com/prometheus/procfs v0.0.0-20180321230812-780932d4fbbe/go.mod h1:c3At6R/oaqEKCNdg8wHV1ftS6bRYblBhIjjI8uT2IGk=
github.com/weppos/publicsuffix-go v0.3.2 h1:gMkniDHr/oZPvLEHo7YahWoTpM1301vca2da7j3bUJ4=
github.com/weppos/publicsuffix-go v0.3.2/go.mod h1:z3LCPQ38eedDQSwmsSRW4Y7t2L8Ln16JPQ02lHAdn5k=
github.com/zmap/rc2 v0.0.0-20131011165748-24b9757f5521 h1:kKCF7VX/wTmdg2ZjEaqlq99Bjsoiz7vH6sFniF/vI4M=
github.com/zmap/rc2 v0.0.0-20131011165748-24b9757f5521/go.mod h1:3YZ9o3WnatTIZhuOtot4IcUfzoKVjUHqu6WALIyI0nE=
github.com/zmap/zcrypto v0.0.0-20190723195936-e3d0180038bc h1:xkCOBLmK1wzspyaR01sPpi99lkM+N4xpGCUIJBfHnOQ=
github.com/zmap/zcrypto v0.0.0-20190723195936-e3d0180038bc/go.mod h1:ybcKQRnmehW/YgiKy4llJYNfXJ14o3K5VGkbweCF1Mc=
golang.org/x/crypto v0.0.0-20180322175230-88942b9c40a4 h1:AJCW0rhPjFKEAoValWpqnRKxX8YV0Xvqfw+dOexCTPc=
golang.org/x/crypto v0.0.0-20180322175230-88942b9c40a4/go.mod h1:6SG95UA2DQfeDnfUPMdvaQW0Q7yPrPDi9nlGo2tz2b4=
golang.org/x/net v0.0.0-20180124060956-0ed95abb35c4 h1:BLERX6fu5dNMZcaGP2RzbrDZpHQbDkAoG9oiTRXbWr0=
golang.org/x/net v0.0.0-20180124060956-0ed95abb35c4/go.mod h1:mL1N/T3taQHkDXs73rZJwtUhF3w3ftmwwsq0BUmARs4=
golang.org/x/sys v0.0.0-20180329131831-378d26f46672 h1:P+cuqFpXzcxn8UtAwY33SZdbHLKsmjveBNV9V+RoYgQ=
golang.org/x/sys v0.0.0-20180329131831-378d26f46672/go.mod h1:STP8DvDyc/dI5b8T5hshtkjS+E42TnysNCUPdjciGhY=
golang.org/x/text v0.3.0 h1:g61tztE5qeGQ89tm6NTjjM9VPIm088od1l6aSorWRWg=
golang.org/x/text v0.3.0/go.mod h1:NqM8EUOU14njkJ3fqMW+pc6Ldnwhi/IjpwHt7yyuwOQ=
gopkg.in/check.v1 v1.0.0-20161208181325-20d25e280405 h1:829vOVxxusYHC+IqBtkX5mbKtsY9fheQiQn0MZRVLfQ=
gopkg.in/check.v1 v1.0.0-20161208181325-20d25e280405/go.mod h1:Co6ibVJAznAaIkqp8huTwlJQCZ016jof/cbN4VW5Yz0=
