# This file is autogenerated, do not edit; changes may be undone by the next 'dep ensure'.


[[projects]]
  name = "github.com/asaskevich/govalidator"
  packages = ["."]
  revision = "521b25f4b05fd26bec69d9dedeb8f9c9a83939a8"
  version = "v8"

[[projects]]
  branch = "master"
  name = "github.com/beorn7/perks"
  packages = ["quantile"]
  revision = "4c0e84591b9aa9e6dcfdf3e020114cd81f89d5f9"

[[projects]]
  name = "github.com/golang/protobuf"
  packages = ["proto"]
  revision = "925541529c1fa6821df4e44ce2723319eb2be768"
  version = "v1.0.0"

[[projects]]
  name = "github.com/matttproud/golang_protobuf_extensions"
  packages = ["pbutil"]
  revision = "3247c84500bff8d9fb6d579d800f20b3e091582c"
  version = "v1.0.0"

[[projects]]
  branch = "master"
  name = "github.com/mreiferson/go-httpclient"
  packages = ["."]
  revision = "31f0106b4474f14bc441575c19d3a5fa21aa1f6c"

[[projects]]
  name = "github.com/op/go-logging"
  packages = ["."]
  revision = "b2cb9fa56473e98db8caba80237377e83fe44db5"
  version = "v1"

[[projects]]
  name = "github.com/prometheus/client_golang"
  packages = [
    "prometheus",
    "prometheus/promhttp"
  ]
  revision = "c5b7fccd204277076155f10851dad72b76a49317"
  version = "v0.8.0"

[[projects]]
  branch = "master"
  name = "github.com/prometheus/client_model"
  packages = ["go"]
  revision = "99fa1f4be8e564e8a6b613da7fa6f46c9edafc6c"

[[projects]]
  branch = "master"
  name = "github.com/prometheus/common"
  packages = [
    "expfmt",
    "internal/bitbucket.org/ww/goautoneg",
    "model"
  ]
  revision = "6fb6fce6f8b75884b92e1889c150403fc0872c5e"

[[projects]]
  branch = "master"
  name = "github.com/prometheus/procfs"
  packages = [
    ".",
    "internal/util",
    "nfs",
    "xfs"
  ]
  revision = "1c7ff3de94ae006f58cba483a4c9c6d7c61e1d98"

[[projects]]
  name = "github.com/weppos/publicsuffix-go"
  packages = ["publicsuffix"]
  revision = "c5490f26d8f43b84857ac54e23387b8ed9b100dd"
  version = "v0.3.2"

[[projects]]
  branch = "master"
  name = "github.com/zmap/rc2"
  packages = ["."]
  revision = "24b9757f552165b15b95d4f9b096532fbc0fb950"

[[projects]]
  branch = "master"
  name = "github.com/zmap/zcrypto"
  packages = [
    "ct",
    "ct/asn1",
    "ct/x509",
    "ct/x509/pkix",
    "json",
    "tls",
    "x509",
    "x509/pkix"
  ]
  revision = "8167395f9121e021113e1fb526262a763324ef54"

[[projects]]
  branch = "master"
  name = "golang.org/x/crypto"
  packages = [
    "curve25519",
    "ed25519",
    "ed25519/internal/edwards25519"
  ]
  revision = "c7dcf104e3a7a1417abc0230cb0d5240d764159d"

[[projects]]
  branch = "master"
  name = "golang.org/x/net"
  packages = [
    "context",
    "http2/hpack",
    "idna",
    "lex/httplex"
  ]
  revision = "d0aafc73d5cdc42264b0af071c261abac580695e"

[[projects]]
  branch = "master"
  name = "golang.org/x/sys"
  packages = ["unix"]
  revision = "7dca6fe1f43775aa6d1334576870ff63f978f539"

[[projects]]
  name = "golang.org/x/text"
  packages = [
    "collate",
    "collate/build",
    "internal/colltab",
    "internal/gen",
    "internal/tag",
    "internal/triegen",
    "internal/ucd",
    "language",
    "secure/bidirule",
    "transform",
    "unicode/bidi",
    "unicode/cldr",
    "unicode/norm",
    "unicode/rangetable",
    "width"
  ]
  revision = "f21a4dfb5e38f5895301dc265a8def02365cc3d0"
  version = "v0.3.0"

[[projects]]
  branch = "v1"
  name = "gopkg.in/check.v1"
  packages = ["."]
  revision = "20d25e2804050c1cd24a7eea1e7a6447dd0e74ec"

[solve-meta]
  analyzer-name = "dep"
  analyzer-version = 1
  inputs-digest = "61584f9b36a4bac4bf078bcf1f00eceda8a706a2659a29317b81d89f640464f9"
  solver-name = "gps-cdcl"
  solver-version = 1
